# THIS IS AN AUTOGENERATED FILE. DO NOT EDIT THIS FILE DIRECTLY.
# yarn lockfile v1


sysclock@^1.0.0:
  version "1.0.0"
  resolved "https://registry.yarnpkg.com/sysclock/-/sysclock-1.0.0.tgz#9c94db7d5b3d13e3101eb34e8d2ade8a3d7096ee"
  integrity sha512-bLKyamvyQgo0Suz5vtoHZkKehWQ7MtO6kXa9HFlsoscfOnuJlXYkoHaOQW+UCRj8JS4NGCNZv/rOhsHcqJ6oxg==
